// !$*UTF8*$!
{
	archiveVersion = 1;
	classes = {
	};
	objectVersion = 56;
	objects = {

/* Begin PBXBuildFile section */
		B614885D2AAF3AE000002289 /* AppDelegate.swift in Sources */ = {isa = PBXBuildFile; fileRef = B614885C2AAF3AE000002289 /* AppDelegate.swift */; };
		B614885F2AAF3AE000002289 /* SceneDelegate.swift in Sources */ = {isa = PBXBuildFile; fileRef = B614885E2AAF3AE000002289 /* SceneDelegate.swift */; };
		B61488612AAF3AE000002289 /* MainViewController.swift in Sources */ = {isa = PBXBuildFile; fileRef = B61488602AAF3AE000002289 /* MainViewController.swift */; };
		B61488642AAF3AE000002289 /* Main.storyboard in Resources */ = {isa = PBXBuildFile; fileRef = B61488622AAF3AE000002289 /* Main.storyboard */; };
		B61488662AAF3AE100002289 /* Assets.xcassets in Resources */ = {isa = PBXBuildFile; fileRef = B61488652AAF3AE100002289 /* Assets.xcassets */; };
		B61488692AAF3AE100002289 /* LaunchScreen.storyboard in Resources */ = {isa = PBXBuildFile; fileRef = B61488672AAF3AE100002289 /* LaunchScreen.storyboard */; };
		B61488732AAF3B2200002289 /* Colors.xcassets in Resources */ = {isa = PBXBuildFile; fileRef = B61488722AAF3B2200002289 /* Colors.xcassets */; };
		B61488912AB06C9500002289 /* Transform.storyboard in Resources */ = {isa = PBXBuildFile; fileRef = B61488902AB06C9500002289 /* Transform.storyboard */; };
		B61488932AB06CA800002289 /* TransformViewController.swift in Sources */ = {isa = PBXBuildFile; fileRef = B61488922AB06CA800002289 /* TransformViewController.swift */; };
		B61488992AB07B6500002289 /* CloudinaryHelper.swift in Sources */ = {isa = PBXBuildFile; fileRef = B61488982AB07B6500002289 /* CloudinaryHelper.swift */; };
		B61AFA602B87204800991A57 /* ConditionalProductViewController.swift in Sources */ = {isa = PBXBuildFile; fileRef = B61AFA5F2B87204800991A57 /* ConditionalProductViewController.swift */; };
		B61EFF732B8F6751006F267C /* IntegrateAI.storyboard in Resources */ = {isa = PBXBuildFile; fileRef = B61EFF722B8F6751006F267C /* IntegrateAI.storyboard */; };
		B61EFF752B8F6784006F267C /* IntegrateAIViewController.swift in Sources */ = {isa = PBXBuildFile; fileRef = B61EFF742B8F6784006F267C /* IntegrateAIViewController.swift */; };
		B621F01C2B69002A00095019 /* DeliveryTransformCollectionController.swift in Sources */ = {isa = PBXBuildFile; fileRef = B621F01B2B69002A00095019 /* DeliveryTransformCollectionController.swift */; };
		B621F01F2B69016E00095019 /* DeliveryUseCasesCollectionController.swift in Sources */ = {isa = PBXBuildFile; fileRef = B621F01E2B69016E00095019 /* DeliveryUseCasesCollectionController.swift */; };
		B621F0212B6901A300095019 /* UseCaseCell.swift in Sources */ = {isa = PBXBuildFile; fileRef = B621F0202B6901A300095019 /* UseCaseCell.swift */; };
		B621F0242B69080100095019 /* SmartCroppingController.swift in Sources */ = {isa = PBXBuildFile; fileRef = B621F0232B69080100095019 /* SmartCroppingController.swift */; };
		B621F0262B69085900095019 /* SmartCropping.storyboard in Resources */ = {isa = PBXBuildFile; fileRef = B621F0252B69085900095019 /* SmartCropping.storyboard */; };
		B621F0282B69198D00095019 /* RevealImage.storyboard in Resources */ = {isa = PBXBuildFile; fileRef = B621F0272B69198D00095019 /* RevealImage.storyboard */; };
		B621F02B2B6919D600095019 /* RevealImageController.swift in Sources */ = {isa = PBXBuildFile; fileRef = B621F02A2B6919D600095019 /* RevealImageController.swift */; };
		B621F02E2B691E6000095019 /* UploadDoesNotExist.storyboard in Resources */ = {isa = PBXBuildFile; fileRef = B621F02D2B691E6000095019 /* UploadDoesNotExist.storyboard */; };
		B621F0312B69204B00095019 /* UploadDoesNotExistController.swift in Sources */ = {isa = PBXBuildFile; fileRef = B621F0302B69204B00095019 /* UploadDoesNotExistController.swift */; };
		B62824FA2B85EBF1006BA8AF /* UseCases.storyboard in Resources */ = {isa = PBXBuildFile; fileRef = B62824F92B85EBF1006BA8AF /* UseCases.storyboard */; };
		B62824FC2B85EC11006BA8AF /* UseCasesViewController.swift in Sources */ = {isa = PBXBuildFile; fileRef = B62824FB2B85EC11006BA8AF /* UseCasesViewController.swift */; };
		B62824FE2B86175F006BA8AF /* UseCasesCollectionController.swift in Sources */ = {isa = PBXBuildFile; fileRef = B62824FD2B86175F006BA8AF /* UseCasesCollectionController.swift */; };
		B62825012B8618FD006BA8AF /* UseCaseCollectionCell.swift in Sources */ = {isa = PBXBuildFile; fileRef = B62825002B8618FD006BA8AF /* UseCaseCollectionCell.swift */; };
		B62825042B862D5F006BA8AF /* NormalizingProductAssets.storyboard in Resources */ = {isa = PBXBuildFile; fileRef = B62825032B862D5F006BA8AF /* NormalizingProductAssets.storyboard */; };
		B62825072B863342006BA8AF /* NormalizingProductAssetsViewController.swift in Sources */ = {isa = PBXBuildFile; fileRef = B62825062B863342006BA8AF /* NormalizingProductAssetsViewController.swift */; };
		B62825092B863563006BA8AF /* ConditionalProduct.storyboard in Resources */ = {isa = PBXBuildFile; fileRef = B62825082B863563006BA8AF /* ConditionalProduct.storyboard */; };
		B63AA90A2B6F900F008B4FA8 /* VideoSocialOverlays.storyboard in Resources */ = {isa = PBXBuildFile; fileRef = B63AA9092B6F900F008B4FA8 /* VideoSocialOverlays.storyboard */; };
		B63AA90C2B6F98B0008B4FA8 /* VideoSocialOverlaysController.swift in Sources */ = {isa = PBXBuildFile; fileRef = B63AA90B2B6F98B0008B4FA8 /* VideoSocialOverlaysController.swift */; };
		B63AA90E2B6F9E33008B4FA8 /* VideoFeedContainerController.swift in Sources */ = {isa = PBXBuildFile; fileRef = B63AA90D2B6F9E33008B4FA8 /* VideoFeedContainerController.swift */; };
		B63AA9102B6FA2D0008B4FA8 /* UploadNoCloud.storyboard in Resources */ = {isa = PBXBuildFile; fileRef = B63AA90F2B6FA2D0008B4FA8 /* UploadNoCloud.storyboard */; };
		B63AA9122B6FB664008B4FA8 /* UploadNoCloudController.swift in Sources */ = {isa = PBXBuildFile; fileRef = B63AA9112B6FB664008B4FA8 /* UploadNoCloudController.swift */; };
		B63AA9142B70D02C008B4FA8 /* GoogleService-Info.plist in Resources */ = {isa = PBXBuildFile; fileRef = B63AA9132B70D02C008B4FA8 /* GoogleService-Info.plist */; };
		B63F369F2B3BFF0300A82C49 /* GradientView.swift in Sources */ = {isa = PBXBuildFile; fileRef = B63F369E2B3BFF0300A82C49 /* GradientView.swift */; };
		B63F36A12B3C000A00A82C49 /* Splash.storyboard in Resources */ = {isa = PBXBuildFile; fileRef = B63F36A02B3C000A00A82C49 /* Splash.storyboard */; };
		B63F36A32B3C02C800A82C49 /* SplashViewController.swift in Sources */ = {isa = PBXBuildFile; fileRef = B63F36A22B3C02C800A82C49 /* SplashViewController.swift */; };
		B63F36A62B3C16BD00A82C49 /* Toolbar.xib in Resources */ = {isa = PBXBuildFile; fileRef = B63F36A52B3C16BD00A82C49 /* Toolbar.xib */; };
		B63F36A82B3C1A5A00A82C49 /* Toolbar.swift in Sources */ = {isa = PBXBuildFile; fileRef = B63F36A72B3C1A5A00A82C49 /* Toolbar.swift */; };
		B63F36AA2B3C2BB400A82C49 /* ToolbarItem.xib in Resources */ = {isa = PBXBuildFile; fileRef = B63F36A92B3C2BB400A82C49 /* ToolbarItem.xib */; };
		B63F36AD2B3C2C0500A82C49 /* ToolbarItem.swift in Sources */ = {isa = PBXBuildFile; fileRef = B63F36AC2B3C2C0500A82C49 /* ToolbarItem.swift */; };
		B64036F02B4FF1590018A023 /* SingleUploadViewController.swift in Sources */ = {isa = PBXBuildFile; fileRef = B64036EF2B4FF1590018A023 /* SingleUploadViewController.swift */; };
		B64036F22B4FF7130018A023 /* SingleUpload.storyboard in Resources */ = {isa = PBXBuildFile; fileRef = B64036F12B4FF7130018A023 /* SingleUpload.storyboard */; };
		B64036F52B5011C30018A023 /* UploadLoadingView.xib in Resources */ = {isa = PBXBuildFile; fileRef = B64036F42B5011C30018A023 /* UploadLoadingView.xib */; };
		B64036F72B50138C0018A023 /* UploadLoadingView.swift in Sources */ = {isa = PBXBuildFile; fileRef = B64036F62B50138C0018A023 /* UploadLoadingView.swift */; };
		B640F8252B624E4800173CB9 /* WidgetsViewController.swift in Sources */ = {isa = PBXBuildFile; fileRef = B640F8242B624E4800173CB9 /* WidgetsViewController.swift */; };
		B64F9F572B68FE7200762F97 /* TransformationCell.swift in Sources */ = {isa = PBXBuildFile; fileRef = B64F9F562B68FE7200762F97 /* TransformationCell.swift */; };
		B665FEC82B3D508B00452FC6 /* Delivery.storyboard in Resources */ = {isa = PBXBuildFile; fileRef = B665FEC72B3D508B00452FC6 /* Delivery.storyboard */; };
		B665FECB2B3D567300452FC6 /* DeliveryViewController.swift in Sources */ = {isa = PBXBuildFile; fileRef = B665FECA2B3D567300452FC6 /* DeliveryViewController.swift */; };
		B665FECD2B3D6E2400452FC6 /* Upload.storyboard in Resources */ = {isa = PBXBuildFile; fileRef = B665FECC2B3D6E2400452FC6 /* Upload.storyboard */; };
		B665FECF2B3D73B000452FC6 /* InnerUploadFrame.xib in Resources */ = {isa = PBXBuildFile; fileRef = B665FECE2B3D73B000452FC6 /* InnerUploadFrame.xib */; };
		B665FED22B3D746500452FC6 /* InnerUploadFrame.swift in Sources */ = {isa = PBXBuildFile; fileRef = B665FED12B3D746500452FC6 /* InnerUploadFrame.swift */; };
		B665FED52B3D776300452FC6 /* Widgets.storyboard in Resources */ = {isa = PBXBuildFile; fileRef = B665FED42B3D776300452FC6 /* Widgets.storyboard */; };
		B672A83C2B9059750039F5CF /* Cloudinary in Frameworks */ = {isa = PBXBuildFile; productRef = B672A83B2B9059750039F5CF /* Cloudinary */; };
		B6838E4E2AB961BD00B972D7 /* car-film.mp4 in Resources */ = {isa = PBXBuildFile; fileRef = B6838E4D2AB961B800B972D7 /* car-film.mp4 */; };
		B697FB032B0F663D00E3C432 /* MainPageController.swift in Sources */ = {isa = PBXBuildFile; fileRef = B697FAFD2B0F663D00E3C432 /* MainPageController.swift */; };
		B697FB042B0F663D00E3C432 /* VideoViewController.swift in Sources */ = {isa = PBXBuildFile; fileRef = B697FAFE2B0F663D00E3C432 /* VideoViewController.swift */; };
		B697FB052B0F663D00E3C432 /* video_links.plist in Resources */ = {isa = PBXBuildFile; fileRef = B697FB002B0F663D00E3C432 /* video_links.plist */; };
		B697FB062B0F663D00E3C432 /* VideoHelper.swift in Sources */ = {isa = PBXBuildFile; fileRef = B697FB022B0F663D00E3C432 /* VideoHelper.swift */; };
		B697FB082B0F665A00E3C432 /* VideoFeed.storyboard in Resources */ = {isa = PBXBuildFile; fileRef = B697FB072B0F665A00E3C432 /* VideoFeed.storyboard */; };
		B69D67182B6F82D400DA3C89 /* VideoFeedViewController.swift in Sources */ = {isa = PBXBuildFile; fileRef = B69D67172B6F82D400DA3C89 /* VideoFeedViewController.swift */; };
		B69D671A2B6F842C00DA3C89 /* VideoFeedController.swift in Sources */ = {isa = PBXBuildFile; fileRef = B69D67192B6F842C00DA3C89 /* VideoFeedController.swift */; };
		B69FA1D92AB86307001D361F /* Optimization.storyboard in Resources */ = {isa = PBXBuildFile; fileRef = B69FA1D82AB86307001D361F /* Optimization.storyboard */; };
		B69FA1DB2AB8631A001D361F /* OptimizationViewController.swift in Sources */ = {isa = PBXBuildFile; fileRef = B69FA1DA2AB8631A001D361F /* OptimizationViewController.swift */; };
		B69FA1E02AB866A0001D361F /* FileUtils.swift in Sources */ = {isa = PBXBuildFile; fileRef = B69FA1DF2AB866A0001D361F /* FileUtils.swift */; };
		B69FA1E22AB86F4D001D361F /* Double+Extension.swift in Sources */ = {isa = PBXBuildFile; fileRef = B69FA1E12AB86F4D001D361F /* Double+Extension.swift */; };
		B69FA1E62AB87016001D361F /* UploadViewController.swift in Sources */ = {isa = PBXBuildFile; fileRef = B69FA1E52AB87016001D361F /* UploadViewController.swift */; };
		B6BAAA322AB972EF0012D8A8 /* UploadWidget.storyboard in Resources */ = {isa = PBXBuildFile; fileRef = B6BAAA312AB972EF0012D8A8 /* UploadWidget.storyboard */; };
		B6BAAA342AB9730D0012D8A8 /* UploadWidgetViewController.swift in Sources */ = {isa = PBXBuildFile; fileRef = B6BAAA332AB9730D0012D8A8 /* UploadWidgetViewController.swift */; };
		B6BAAA362AB9772D0012D8A8 /* ImageWidget.storyboard in Resources */ = {isa = PBXBuildFile; fileRef = B6BAAA352AB9772D0012D8A8 /* ImageWidget.storyboard */; };
		B6BAAA382AB977410012D8A8 /* ImageWidgetViewController.swift in Sources */ = {isa = PBXBuildFile; fileRef = B6BAAA372AB977410012D8A8 /* ImageWidgetViewController.swift */; };
		B6BD44CA2B453B8400DD6AA6 /* Video.storyboard in Resources */ = {isa = PBXBuildFile; fileRef = B6BD44C92B453B8400DD6AA6 /* Video.storyboard */; };
		B6BD44CD2B458A1900DD6AA6 /* AnimationHelper.swift in Sources */ = {isa = PBXBuildFile; fileRef = B6BD44CC2B458A1900DD6AA6 /* AnimationHelper.swift */; };
		B6BD44D02B45972B00DD6AA6 /* Base.storyboard in Resources */ = {isa = PBXBuildFile; fileRef = B6BD44CF2B45972B00DD6AA6 /* Base.storyboard */; };
		B6BD44D32B46D9C100DD6AA6 /* BaseViewController.swift in Sources */ = {isa = PBXBuildFile; fileRef = B6BD44D22B46D9C100DD6AA6 /* BaseViewController.swift */; };
		B6BD44D72B4BD1A100DD6AA6 /* TransformCollectionCell.swift in Sources */ = {isa = PBXBuildFile; fileRef = B6BD44D62B4BD1A100DD6AA6 /* TransformCollectionCell.swift */; };
		B6BD44D92B4BD22E00DD6AA6 /* TransformCollectionController.swift in Sources */ = {isa = PBXBuildFile; fileRef = B6BD44D82B4BD22E00DD6AA6 /* TransformCollectionController.swift */; };
		B6BD44DB2B4BF6AE00DD6AA6 /* RevealImageView.swift in Sources */ = {isa = PBXBuildFile; fileRef = B6BD44DA2B4BF6AE00DD6AA6 /* RevealImageView.swift */; };
		B6BD44DD2B4D1FDD00DD6AA6 /* ImageHelper.swift in Sources */ = {isa = PBXBuildFile; fileRef = B6BD44DC2B4D1FDD00DD6AA6 /* ImageHelper.swift */; };
		B6EEAD6A2B692F9A000A745E /* UploadChoice.storyboard in Resources */ = {isa = PBXBuildFile; fileRef = B6EEAD692B692F9A000A745E /* UploadChoice.storyboard */; };
		B6EEAD6C2B692FB1000A745E /* UploadChoiceController.swift in Sources */ = {isa = PBXBuildFile; fileRef = B6EEAD6B2B692FB1000A745E /* UploadChoiceController.swift */; };
		B6EEAD952B6A7F63000A745E /* VideoFeedCollectionController.swift in Sources */ = {isa = PBXBuildFile; fileRef = B6EEAD942B6A7F63000A745E /* VideoFeedCollectionController.swift */; };
		B6EEAD972B6A7F81000A745E /* VideoFeedCell.swift in Sources */ = {isa = PBXBuildFile; fileRef = B6EEAD962B6A7F81000A745E /* VideoFeedCell.swift */; };
/* End PBXBuildFile section */

/* Begin PBXFileReference section */
		B61488592AAF3AE000002289 /* Cloudinary_Academy_App.app */ = {isa = PBXFileReference; explicitFileType = wrapper.application; includeInIndex = 0; path = Cloudinary_Academy_App.app; sourceTree = BUILT_PRODUCTS_DIR; };
		B614885C2AAF3AE000002289 /* AppDelegate.swift */ = {isa = PBXFileReference; lastKnownFileType = sourcecode.swift; path = AppDelegate.swift; sourceTree = "<group>"; };
		B614885E2AAF3AE000002289 /* SceneDelegate.swift */ = {isa = PBXFileReference; lastKnownFileType = sourcecode.swift; path = SceneDelegate.swift; sourceTree = "<group>"; };
		B61488602AAF3AE000002289 /* MainViewController.swift */ = {isa = PBXFileReference; lastKnownFileType = sourcecode.swift; path = MainViewController.swift; sourceTree = "<group>"; };
		B61488632AAF3AE000002289 /* Base */ = {isa = PBXFileReference; lastKnownFileType = file.storyboard; name = Base; path = Base.lproj/Main.storyboard; sourceTree = "<group>"; };
		B61488652AAF3AE100002289 /* Assets.xcassets */ = {isa = PBXFileReference; lastKnownFileType = folder.assetcatalog; path = Assets.xcassets; sourceTree = "<group>"; };
		B61488682AAF3AE100002289 /* Base */ = {isa = PBXFileReference; lastKnownFileType = file.storyboard; name = Base; path = Base.lproj/LaunchScreen.storyboard; sourceTree = "<group>"; };
		B614886A2AAF3AE100002289 /* Info.plist */ = {isa = PBXFileReference; lastKnownFileType = text.plist.xml; path = Info.plist; sourceTree = "<group>"; };
		B61488722AAF3B2200002289 /* Colors.xcassets */ = {isa = PBXFileReference; lastKnownFileType = folder.assetcatalog; path = Colors.xcassets; sourceTree = "<group>"; };
		B61488902AB06C9500002289 /* Transform.storyboard */ = {isa = PBXFileReference; lastKnownFileType = file.storyboard; path = Transform.storyboard; sourceTree = "<group>"; };
		B61488922AB06CA800002289 /* TransformViewController.swift */ = {isa = PBXFileReference; lastKnownFileType = sourcecode.swift; path = TransformViewController.swift; sourceTree = "<group>"; };
		B61488982AB07B6500002289 /* CloudinaryHelper.swift */ = {isa = PBXFileReference; lastKnownFileType = sourcecode.swift; path = CloudinaryHelper.swift; sourceTree = "<group>"; };
		B61AFA5F2B87204800991A57 /* ConditionalProductViewController.swift */ = {isa = PBXFileReference; lastKnownFileType = sourcecode.swift; path = ConditionalProductViewController.swift; sourceTree = "<group>"; };
		B61EFF722B8F6751006F267C /* IntegrateAI.storyboard */ = {isa = PBXFileReference; fileEncoding = 4; lastKnownFileType = file.storyboard; path = IntegrateAI.storyboard; sourceTree = "<group>"; };
		B61EFF742B8F6784006F267C /* IntegrateAIViewController.swift */ = {isa = PBXFileReference; fileEncoding = 4; lastKnownFileType = sourcecode.swift; path = IntegrateAIViewController.swift; sourceTree = "<group>"; };
		B621F01B2B69002A00095019 /* DeliveryTransformCollectionController.swift */ = {isa = PBXFileReference; lastKnownFileType = sourcecode.swift; path = DeliveryTransformCollectionController.swift; sourceTree = "<group>"; };
		B621F01E2B69016E00095019 /* DeliveryUseCasesCollectionController.swift */ = {isa = PBXFileReference; lastKnownFileType = sourcecode.swift; path = DeliveryUseCasesCollectionController.swift; sourceTree = "<group>"; };
		B621F0202B6901A300095019 /* UseCaseCell.swift */ = {isa = PBXFileReference; lastKnownFileType = sourcecode.swift; path = UseCaseCell.swift; sourceTree = "<group>"; };
		B621F0232B69080100095019 /* SmartCroppingController.swift */ = {isa = PBXFileReference; lastKnownFileType = sourcecode.swift; path = SmartCroppingController.swift; sourceTree = "<group>"; };
		B621F0252B69085900095019 /* SmartCropping.storyboard */ = {isa = PBXFileReference; lastKnownFileType = file.storyboard; path = SmartCropping.storyboard; sourceTree = "<group>"; };
		B621F0272B69198D00095019 /* RevealImage.storyboard */ = {isa = PBXFileReference; lastKnownFileType = file.storyboard; path = RevealImage.storyboard; sourceTree = "<group>"; };
		B621F02A2B6919D600095019 /* RevealImageController.swift */ = {isa = PBXFileReference; lastKnownFileType = sourcecode.swift; path = RevealImageController.swift; sourceTree = "<group>"; };
		B621F02D2B691E6000095019 /* UploadDoesNotExist.storyboard */ = {isa = PBXFileReference; lastKnownFileType = file.storyboard; path = UploadDoesNotExist.storyboard; sourceTree = "<group>"; };
		B621F0302B69204B00095019 /* UploadDoesNotExistController.swift */ = {isa = PBXFileReference; lastKnownFileType = sourcecode.swift; path = UploadDoesNotExistController.swift; sourceTree = "<group>"; };
		B62824F92B85EBF1006BA8AF /* UseCases.storyboard */ = {isa = PBXFileReference; lastKnownFileType = file.storyboard; path = UseCases.storyboard; sourceTree = "<group>"; };
		B62824FB2B85EC11006BA8AF /* UseCasesViewController.swift */ = {isa = PBXFileReference; lastKnownFileType = sourcecode.swift; path = UseCasesViewController.swift; sourceTree = "<group>"; };
		B62824FD2B86175F006BA8AF /* UseCasesCollectionController.swift */ = {isa = PBXFileReference; lastKnownFileType = sourcecode.swift; path = UseCasesCollectionController.swift; sourceTree = "<group>"; };
		B62825002B8618FD006BA8AF /* UseCaseCollectionCell.swift */ = {isa = PBXFileReference; lastKnownFileType = sourcecode.swift; path = UseCaseCollectionCell.swift; sourceTree = "<group>"; };
		B62825032B862D5F006BA8AF /* NormalizingProductAssets.storyboard */ = {isa = PBXFileReference; lastKnownFileType = file.storyboard; path = NormalizingProductAssets.storyboard; sourceTree = "<group>"; };
		B62825062B863342006BA8AF /* NormalizingProductAssetsViewController.swift */ = {isa = PBXFileReference; lastKnownFileType = sourcecode.swift; path = NormalizingProductAssetsViewController.swift; sourceTree = "<group>"; };
		B62825082B863563006BA8AF /* ConditionalProduct.storyboard */ = {isa = PBXFileReference; lastKnownFileType = file.storyboard; path = ConditionalProduct.storyboard; sourceTree = "<group>"; };
		B63AA9092B6F900F008B4FA8 /* VideoSocialOverlays.storyboard */ = {isa = PBXFileReference; lastKnownFileType = file.storyboard; path = VideoSocialOverlays.storyboard; sourceTree = "<group>"; };
		B63AA90B2B6F98B0008B4FA8 /* VideoSocialOverlaysController.swift */ = {isa = PBXFileReference; lastKnownFileType = sourcecode.swift; path = VideoSocialOverlaysController.swift; sourceTree = "<group>"; };
		B63AA90D2B6F9E33008B4FA8 /* VideoFeedContainerController.swift */ = {isa = PBXFileReference; lastKnownFileType = sourcecode.swift; path = VideoFeedContainerController.swift; sourceTree = "<group>"; };
		B63AA90F2B6FA2D0008B4FA8 /* UploadNoCloud.storyboard */ = {isa = PBXFileReference; lastKnownFileType = file.storyboard; path = UploadNoCloud.storyboard; sourceTree = "<group>"; };
		B63AA9112B6FB664008B4FA8 /* UploadNoCloudController.swift */ = {isa = PBXFileReference; lastKnownFileType = sourcecode.swift; path = UploadNoCloudController.swift; sourceTree = "<group>"; };
		B63AA9132B70D02C008B4FA8 /* GoogleService-Info.plist */ = {isa = PBXFileReference; fileEncoding = 4; lastKnownFileType = text.plist.xml; path = "GoogleService-Info.plist"; sourceTree = "<group>"; };
		B63F369E2B3BFF0300A82C49 /* GradientView.swift */ = {isa = PBXFileReference; lastKnownFileType = sourcecode.swift; path = GradientView.swift; sourceTree = "<group>"; };
		B63F36A02B3C000A00A82C49 /* Splash.storyboard */ = {isa = PBXFileReference; lastKnownFileType = file.storyboard; path = Splash.storyboard; sourceTree = "<group>"; };
		B63F36A22B3C02C800A82C49 /* SplashViewController.swift */ = {isa = PBXFileReference; lastKnownFileType = sourcecode.swift; path = SplashViewController.swift; sourceTree = "<group>"; };
		B63F36A52B3C16BD00A82C49 /* Toolbar.xib */ = {isa = PBXFileReference; lastKnownFileType = file.xib; path = Toolbar.xib; sourceTree = "<group>"; };
		B63F36A72B3C1A5A00A82C49 /* Toolbar.swift */ = {isa = PBXFileReference; lastKnownFileType = sourcecode.swift; path = Toolbar.swift; sourceTree = "<group>"; };
		B63F36A92B3C2BB400A82C49 /* ToolbarItem.xib */ = {isa = PBXFileReference; lastKnownFileType = file.xib; path = ToolbarItem.xib; sourceTree = "<group>"; };
		B63F36AC2B3C2C0500A82C49 /* ToolbarItem.swift */ = {isa = PBXFileReference; lastKnownFileType = sourcecode.swift; path = ToolbarItem.swift; sourceTree = "<group>"; };
		B64036EF2B4FF1590018A023 /* SingleUploadViewController.swift */ = {isa = PBXFileReference; lastKnownFileType = sourcecode.swift; path = SingleUploadViewController.swift; sourceTree = "<group>"; };
		B64036F12B4FF7130018A023 /* SingleUpload.storyboard */ = {isa = PBXFileReference; lastKnownFileType = file.storyboard; path = SingleUpload.storyboard; sourceTree = "<group>"; };
		B64036F42B5011C30018A023 /* UploadLoadingView.xib */ = {isa = PBXFileReference; lastKnownFileType = file.xib; path = UploadLoadingView.xib; sourceTree = "<group>"; };
		B64036F62B50138C0018A023 /* UploadLoadingView.swift */ = {isa = PBXFileReference; lastKnownFileType = sourcecode.swift; path = UploadLoadingView.swift; sourceTree = "<group>"; };
		B640F8242B624E4800173CB9 /* WidgetsViewController.swift */ = {isa = PBXFileReference; lastKnownFileType = sourcecode.swift; path = WidgetsViewController.swift; sourceTree = "<group>"; };
		B64F9F562B68FE7200762F97 /* TransformationCell.swift */ = {isa = PBXFileReference; lastKnownFileType = sourcecode.swift; path = TransformationCell.swift; sourceTree = "<group>"; };
		B665FEC72B3D508B00452FC6 /* Delivery.storyboard */ = {isa = PBXFileReference; lastKnownFileType = file.storyboard; path = Delivery.storyboard; sourceTree = "<group>"; };
		B665FECA2B3D567300452FC6 /* DeliveryViewController.swift */ = {isa = PBXFileReference; lastKnownFileType = sourcecode.swift; path = DeliveryViewController.swift; sourceTree = "<group>"; };
		B665FECC2B3D6E2400452FC6 /* Upload.storyboard */ = {isa = PBXFileReference; lastKnownFileType = file.storyboard; path = Upload.storyboard; sourceTree = "<group>"; };
		B665FECE2B3D73B000452FC6 /* InnerUploadFrame.xib */ = {isa = PBXFileReference; lastKnownFileType = file.xib; path = InnerUploadFrame.xib; sourceTree = "<group>"; };
		B665FED12B3D746500452FC6 /* InnerUploadFrame.swift */ = {isa = PBXFileReference; lastKnownFileType = sourcecode.swift; path = InnerUploadFrame.swift; sourceTree = "<group>"; };
		B665FED42B3D776300452FC6 /* Widgets.storyboard */ = {isa = PBXFileReference; lastKnownFileType = file.storyboard; path = Widgets.storyboard; sourceTree = "<group>"; };
		B6838E4D2AB961B800B972D7 /* car-film.mp4 */ = {isa = PBXFileReference; lastKnownFileType = file; path = "car-film.mp4"; sourceTree = "<group>"; };
		B697FAFD2B0F663D00E3C432 /* MainPageController.swift */ = {isa = PBXFileReference; fileEncoding = 4; lastKnownFileType = sourcecode.swift; path = MainPageController.swift; sourceTree = "<group>"; };
		B697FAFE2B0F663D00E3C432 /* VideoViewController.swift */ = {isa = PBXFileReference; fileEncoding = 4; lastKnownFileType = sourcecode.swift; path = VideoViewController.swift; sourceTree = "<group>"; };
		B697FB002B0F663D00E3C432 /* video_links.plist */ = {isa = PBXFileReference; fileEncoding = 4; lastKnownFileType = text.plist.xml; path = video_links.plist; sourceTree = "<group>"; };
		B697FB022B0F663D00E3C432 /* VideoHelper.swift */ = {isa = PBXFileReference; fileEncoding = 4; lastKnownFileType = sourcecode.swift; path = VideoHelper.swift; sourceTree = "<group>"; };
		B697FB072B0F665A00E3C432 /* VideoFeed.storyboard */ = {isa = PBXFileReference; fileEncoding = 4; lastKnownFileType = file.storyboard; path = VideoFeed.storyboard; sourceTree = "<group>"; };
		B69D67172B6F82D400DA3C89 /* VideoFeedViewController.swift */ = {isa = PBXFileReference; lastKnownFileType = sourcecode.swift; path = VideoFeedViewController.swift; sourceTree = "<group>"; };
		B69D67192B6F842C00DA3C89 /* VideoFeedController.swift */ = {isa = PBXFileReference; lastKnownFileType = sourcecode.swift; path = VideoFeedController.swift; sourceTree = "<group>"; };
		B69FA1D82AB86307001D361F /* Optimization.storyboard */ = {isa = PBXFileReference; lastKnownFileType = file.storyboard; path = Optimization.storyboard; sourceTree = "<group>"; };
		B69FA1DA2AB8631A001D361F /* OptimizationViewController.swift */ = {isa = PBXFileReference; lastKnownFileType = sourcecode.swift; path = OptimizationViewController.swift; sourceTree = "<group>"; };
		B69FA1DF2AB866A0001D361F /* FileUtils.swift */ = {isa = PBXFileReference; lastKnownFileType = sourcecode.swift; path = FileUtils.swift; sourceTree = "<group>"; };
		B69FA1E12AB86F4D001D361F /* Double+Extension.swift */ = {isa = PBXFileReference; lastKnownFileType = sourcecode.swift; path = "Double+Extension.swift"; sourceTree = "<group>"; };
		B69FA1E52AB87016001D361F /* UploadViewController.swift */ = {isa = PBXFileReference; lastKnownFileType = sourcecode.swift; path = UploadViewController.swift; sourceTree = "<group>"; };
		B6BAAA312AB972EF0012D8A8 /* UploadWidget.storyboard */ = {isa = PBXFileReference; lastKnownFileType = file.storyboard; path = UploadWidget.storyboard; sourceTree = "<group>"; };
		B6BAAA332AB9730D0012D8A8 /* UploadWidgetViewController.swift */ = {isa = PBXFileReference; lastKnownFileType = sourcecode.swift; path = UploadWidgetViewController.swift; sourceTree = "<group>"; };
		B6BAAA352AB9772D0012D8A8 /* ImageWidget.storyboard */ = {isa = PBXFileReference; lastKnownFileType = file.storyboard; path = ImageWidget.storyboard; sourceTree = "<group>"; };
		B6BAAA372AB977410012D8A8 /* ImageWidgetViewController.swift */ = {isa = PBXFileReference; lastKnownFileType = sourcecode.swift; path = ImageWidgetViewController.swift; sourceTree = "<group>"; };
		B6BD44C92B453B8400DD6AA6 /* Video.storyboard */ = {isa = PBXFileReference; lastKnownFileType = file.storyboard; path = Video.storyboard; sourceTree = "<group>"; };
		B6BD44CC2B458A1900DD6AA6 /* AnimationHelper.swift */ = {isa = PBXFileReference; lastKnownFileType = sourcecode.swift; path = AnimationHelper.swift; sourceTree = "<group>"; };
		B6BD44CF2B45972B00DD6AA6 /* Base.storyboard */ = {isa = PBXFileReference; lastKnownFileType = file.storyboard; path = Base.storyboard; sourceTree = "<group>"; };
		B6BD44D22B46D9C100DD6AA6 /* BaseViewController.swift */ = {isa = PBXFileReference; lastKnownFileType = sourcecode.swift; path = BaseViewController.swift; sourceTree = "<group>"; };
		B6BD44D62B4BD1A100DD6AA6 /* TransformCollectionCell.swift */ = {isa = PBXFileReference; lastKnownFileType = sourcecode.swift; path = TransformCollectionCell.swift; sourceTree = "<group>"; };
		B6BD44D82B4BD22E00DD6AA6 /* TransformCollectionController.swift */ = {isa = PBXFileReference; lastKnownFileType = sourcecode.swift; path = TransformCollectionController.swift; sourceTree = "<group>"; };
		B6BD44DA2B4BF6AE00DD6AA6 /* RevealImageView.swift */ = {isa = PBXFileReference; lastKnownFileType = sourcecode.swift; path = RevealImageView.swift; sourceTree = "<group>"; };
		B6BD44DC2B4D1FDD00DD6AA6 /* ImageHelper.swift */ = {isa = PBXFileReference; lastKnownFileType = sourcecode.swift; path = ImageHelper.swift; sourceTree = "<group>"; };
		B6EEAD692B692F9A000A745E /* UploadChoice.storyboard */ = {isa = PBXFileReference; lastKnownFileType = file.storyboard; path = UploadChoice.storyboard; sourceTree = "<group>"; };
		B6EEAD6B2B692FB1000A745E /* UploadChoiceController.swift */ = {isa = PBXFileReference; lastKnownFileType = sourcecode.swift; path = UploadChoiceController.swift; sourceTree = "<group>"; };
		B6EEAD942B6A7F63000A745E /* VideoFeedCollectionController.swift */ = {isa = PBXFileReference; lastKnownFileType = sourcecode.swift; path = VideoFeedCollectionController.swift; sourceTree = "<group>"; };
		B6EEAD962B6A7F81000A745E /* VideoFeedCell.swift */ = {isa = PBXFileReference; lastKnownFileType = sourcecode.swift; path = VideoFeedCell.swift; sourceTree = "<group>"; };
/* End PBXFileReference section */

/* Begin PBXFrameworksBuildPhase section */
		B61488562AAF3AE000002289 /* Frameworks */ = {
			isa = PBXFrameworksBuildPhase;
			buildActionMask = 2147483647;
			files = (
				B672A83C2B9059750039F5CF /* Cloudinary in Frameworks */,
			);
			runOnlyForDeploymentPostprocessing = 0;
		};
/* End PBXFrameworksBuildPhase section */

/* Begin PBXGroup section */
		B61488502AAF3AE000002289 = {
			isa = PBXGroup;
			children = (
				B614885B2AAF3AE000002289 /* Cloudinary_Academy_App */,
				B614885A2AAF3AE000002289 /* Products */,
			);
			sourceTree = "<group>";
		};
		B614885A2AAF3AE000002289 /* Products */ = {
			isa = PBXGroup;
			children = (
				B61488592AAF3AE000002289 /* Cloudinary_Academy_App.app */,
			);
			name = Products;
			sourceTree = "<group>";
		};
		B614885B2AAF3AE000002289 /* Cloudinary_Academy_App */ = {
			isa = PBXGroup;
			children = (
				B6BD44CB2B458A0A00DD6AA6 /* Helpers */,
				B63F369D2B3BFEF800A82C49 /* Custom Views */,
				B6838E4C2AB961AF00B972D7 /* Resources */,
				B69FA1DC2AB86625001D361F /* Extensions */,
				B61488972AB07B5D00002289 /* Utils */,
				B61488772AAF3B4500002289 /* Controllers */,
				B61488762AAF3B3E00002289 /* Views */,
				B614885C2AAF3AE000002289 /* AppDelegate.swift */,
				B614885E2AAF3AE000002289 /* SceneDelegate.swift */,
				B61488652AAF3AE100002289 /* Assets.xcassets */,
				B63AA9132B70D02C008B4FA8 /* GoogleService-Info.plist */,
				B614886A2AAF3AE100002289 /* Info.plist */,
				B61488722AAF3B2200002289 /* Colors.xcassets */,
			);
			path = Cloudinary_Academy_App;
			sourceTree = "<group>";
		};
		B61488762AAF3B3E00002289 /* Views */ = {
			isa = PBXGroup;
			children = (
				B64036EE2B4FF14F0018A023 /* Upload */,
				B6BD44D42B4BD17500DD6AA6 /* Transform */,
				B665FEC62B3D507000452FC6 /* Inner Views */,
				B61488622AAF3AE000002289 /* Main.storyboard */,
				B61488672AAF3AE100002289 /* LaunchScreen.storyboard */,
				B63F36A02B3C000A00A82C49 /* Splash.storyboard */,
			);
			path = Views;
			sourceTree = "<group>";
		};
		B61488772AAF3B4500002289 /* Controllers */ = {
			isa = PBXGroup;
			children = (
				B640F8232B624E3D00173CB9 /* Widgets */,
				B6BD44D12B46D9B700DD6AA6 /* Base */,
				B665FEC92B3D566300452FC6 /* Inner Views */,
				B697FAFB2B0F662A00E3C432 /* Video Feed */,
				B61488602AAF3AE000002289 /* MainViewController.swift */,
				B63F36A22B3C02C800A82C49 /* SplashViewController.swift */,
			);
			path = Controllers;
			sourceTree = "<group>";
		};
		B61488972AB07B5D00002289 /* Utils */ = {
			isa = PBXGroup;
			children = (
				B61488982AB07B6500002289 /* CloudinaryHelper.swift */,
				B69FA1DF2AB866A0001D361F /* FileUtils.swift */,
			);
			path = Utils;
			sourceTree = "<group>";
		};
		B621F01A2B69001E00095019 /* Transformation */ = {
			isa = PBXGroup;
			children = (
				B621F0292B6919C800095019 /* Reveal Image */,
				B621F0222B6907F300095019 /* Smart Cropping */,
				B61488922AB06CA800002289 /* TransformViewController.swift */,
				B6BD44D62B4BD1A100DD6AA6 /* TransformCollectionCell.swift */,
				B6BD44D82B4BD22E00DD6AA6 /* TransformCollectionController.swift */,
				B64F9F562B68FE7200762F97 /* TransformationCell.swift */,
				B621F01B2B69002A00095019 /* DeliveryTransformCollectionController.swift */,
			);
			path = Transformation;
			sourceTree = "<group>";
		};
		B621F01D2B69016200095019 /* Use Cases */ = {
			isa = PBXGroup;
			children = (
				B62825052B86332A006BA8AF /* Screens */,
				B62824FB2B85EC11006BA8AF /* UseCasesViewController.swift */,
				B621F01E2B69016E00095019 /* DeliveryUseCasesCollectionController.swift */,
				B621F0202B6901A300095019 /* UseCaseCell.swift */,
				B62824FD2B86175F006BA8AF /* UseCasesCollectionController.swift */,
				B62825002B8618FD006BA8AF /* UseCaseCollectionCell.swift */,
			);
			path = "Use Cases";
			sourceTree = "<group>";
		};
		B621F0222B6907F300095019 /* Smart Cropping */ = {
			isa = PBXGroup;
			children = (
				B621F0232B69080100095019 /* SmartCroppingController.swift */,
			);
			path = "Smart Cropping";
			sourceTree = "<group>";
		};
		B621F0292B6919C800095019 /* Reveal Image */ = {
			isa = PBXGroup;
			children = (
				B621F02A2B6919D600095019 /* RevealImageController.swift */,
			);
			path = "Reveal Image";
			sourceTree = "<group>";
		};
		B621F02F2B69203E00095019 /* Upload Does Not Exist */ = {
			isa = PBXGroup;
			children = (
				B621F0302B69204B00095019 /* UploadDoesNotExistController.swift */,
			);
			path = "Upload Does Not Exist";
			sourceTree = "<group>";
		};
		B62824FF2B8618DD006BA8AF /* Optimization */ = {
			isa = PBXGroup;
			children = (
				B69FA1DA2AB8631A001D361F /* OptimizationViewController.swift */,
			);
			path = Optimization;
			sourceTree = "<group>";
		};
		B62825022B862D41006BA8AF /* Use Cases */ = {
			isa = PBXGroup;
			children = (
				B62825032B862D5F006BA8AF /* NormalizingProductAssets.storyboard */,
				B61EFF722B8F6751006F267C /* IntegrateAI.storyboard */,
				B62825082B863563006BA8AF /* ConditionalProduct.storyboard */,
			);
			path = "Use Cases";
			sourceTree = "<group>";
		};
		B62825052B86332A006BA8AF /* Screens */ = {
			isa = PBXGroup;
			children = (
				B61EFF742B8F6784006F267C /* IntegrateAIViewController.swift */,
				B62825062B863342006BA8AF /* NormalizingProductAssetsViewController.swift */,
				B61AFA5F2B87204800991A57 /* ConditionalProductViewController.swift */,
			);
			path = Screens;
			sourceTree = "<group>";
		};
		B63AA9062B6F8FF7008B4FA8 /* Social */ = {
			isa = PBXGroup;
			children = (
				B63AA9092B6F900F008B4FA8 /* VideoSocialOverlays.storyboard */,
			);
			path = Social;
			sourceTree = "<group>";
		};
		B63F369D2B3BFEF800A82C49 /* Custom Views */ = {
			isa = PBXGroup;
			children = (
				B64036F32B5011B90018A023 /* Upload Loading View */,
				B63F36A42B3C16B400A82C49 /* ToolBar */,
				B63F369E2B3BFF0300A82C49 /* GradientView.swift */,
				B6BD44DA2B4BF6AE00DD6AA6 /* RevealImageView.swift */,
			);
			path = "Custom Views";
			sourceTree = "<group>";
		};
		B63F36A42B3C16B400A82C49 /* ToolBar */ = {
			isa = PBXGroup;
			children = (
				B63F36AB2B3C2BE500A82C49 /* Item */,
				B63F36A52B3C16BD00A82C49 /* Toolbar.xib */,
				B63F36A72B3C1A5A00A82C49 /* Toolbar.swift */,
			);
			path = ToolBar;
			sourceTree = "<group>";
		};
		B63F36AB2B3C2BE500A82C49 /* Item */ = {
			isa = PBXGroup;
			children = (
				B63F36A92B3C2BB400A82C49 /* ToolbarItem.xib */,
				B63F36AC2B3C2C0500A82C49 /* ToolbarItem.swift */,
			);
			path = Item;
			sourceTree = "<group>";
		};
		B64036EE2B4FF14F0018A023 /* Upload */ = {
			isa = PBXGroup;
			children = (
				B64036F12B4FF7130018A023 /* SingleUpload.storyboard */,
				B621F02D2B691E6000095019 /* UploadDoesNotExist.storyboard */,
				B6EEAD692B692F9A000A745E /* UploadChoice.storyboard */,
			);
			path = Upload;
			sourceTree = "<group>";
		};
		B64036F32B5011B90018A023 /* Upload Loading View */ = {
			isa = PBXGroup;
			children = (
				B64036F42B5011C30018A023 /* UploadLoadingView.xib */,
				B64036F62B50138C0018A023 /* UploadLoadingView.swift */,
			);
			path = "Upload Loading View";
			sourceTree = "<group>";
		};
		B640F8232B624E3D00173CB9 /* Widgets */ = {
			isa = PBXGroup;
			children = (
				B6BAAA332AB9730D0012D8A8 /* UploadWidgetViewController.swift */,
				B6BAAA372AB977410012D8A8 /* ImageWidgetViewController.swift */,
				B640F8242B624E4800173CB9 /* WidgetsViewController.swift */,
			);
			path = Widgets;
			sourceTree = "<group>";
		};
		B665FEC62B3D507000452FC6 /* Inner Views */ = {
			isa = PBXGroup;
			children = (
				B6EEAD9C2B6BB351000A745E /* Video */,
				B6EEAD9B2B6BB340000A745E /* Transform */,
				B6EEAD9A2B6BB312000A745E /* Widgets */,
				B6BD44CE2B45971F00DD6AA6 /* Base */,
				B665FED32B3D772200452FC6 /* Upload */,
			);
			path = "Inner Views";
			sourceTree = "<group>";
		};
		B665FEC92B3D566300452FC6 /* Inner Views */ = {
			isa = PBXGroup;
			children = (
				B6EEAD922B6A7F50000A745E /* Video */,
				B6BD44D52B4BD19100DD6AA6 /* Transform */,
				B665FED02B3D745B00452FC6 /* Upload */,
			);
			path = "Inner Views";
			sourceTree = "<group>";
		};
		B665FED02B3D745B00452FC6 /* Upload */ = {
			isa = PBXGroup;
			children = (
				B69FA1E52AB87016001D361F /* UploadViewController.swift */,
				B621F02F2B69203E00095019 /* Upload Does Not Exist */,
				B64036EF2B4FF1590018A023 /* SingleUploadViewController.swift */,
				B665FED12B3D746500452FC6 /* InnerUploadFrame.swift */,
				B6EEAD6B2B692FB1000A745E /* UploadChoiceController.swift */,
				B63AA9112B6FB664008B4FA8 /* UploadNoCloudController.swift */,
			);
			path = Upload;
			sourceTree = "<group>";
		};
		B665FED32B3D772200452FC6 /* Upload */ = {
			isa = PBXGroup;
			children = (
				B665FECC2B3D6E2400452FC6 /* Upload.storyboard */,
				B665FECE2B3D73B000452FC6 /* InnerUploadFrame.xib */,
				B63AA90F2B6FA2D0008B4FA8 /* UploadNoCloud.storyboard */,
			);
			path = Upload;
			sourceTree = "<group>";
		};
		B6838E4C2AB961AF00B972D7 /* Resources */ = {
			isa = PBXGroup;
			children = (
				B6838E4D2AB961B800B972D7 /* car-film.mp4 */,
			);
			path = Resources;
			sourceTree = "<group>";
		};
		B697FAFB2B0F662A00E3C432 /* Video Feed */ = {
			isa = PBXGroup;
			children = (
				B697FAFC2B0F663D00E3C432 /* Controllers */,
				B697FB012B0F663D00E3C432 /* Helpers */,
				B697FAFF2B0F663D00E3C432 /* Resources */,
			);
			path = "Video Feed";
			sourceTree = "<group>";
		};
		B697FAFC2B0F663D00E3C432 /* Controllers */ = {
			isa = PBXGroup;
			children = (
				B697FAFD2B0F663D00E3C432 /* MainPageController.swift */,
				B697FAFE2B0F663D00E3C432 /* VideoViewController.swift */,
				B69D67172B6F82D400DA3C89 /* VideoFeedViewController.swift */,
				B69D67192B6F842C00DA3C89 /* VideoFeedController.swift */,
				B63AA90B2B6F98B0008B4FA8 /* VideoSocialOverlaysController.swift */,
				B63AA90D2B6F9E33008B4FA8 /* VideoFeedContainerController.swift */,
			);
			path = Controllers;
			sourceTree = "<group>";
		};
		B697FAFF2B0F663D00E3C432 /* Resources */ = {
			isa = PBXGroup;
			children = (
				B697FB002B0F663D00E3C432 /* video_links.plist */,
			);
			path = Resources;
			sourceTree = "<group>";
		};
		B697FB012B0F663D00E3C432 /* Helpers */ = {
			isa = PBXGroup;
			children = (
				B697FB022B0F663D00E3C432 /* VideoHelper.swift */,
			);
			path = Helpers;
			sourceTree = "<group>";
		};
		B69FA1DC2AB86625001D361F /* Extensions */ = {
			isa = PBXGroup;
			children = (
				B69FA1E12AB86F4D001D361F /* Double+Extension.swift */,
			);
			path = Extensions;
			sourceTree = "<group>";
		};
		B6BD44CB2B458A0A00DD6AA6 /* Helpers */ = {
			isa = PBXGroup;
			children = (
				B6BD44CC2B458A1900DD6AA6 /* AnimationHelper.swift */,
				B6BD44DC2B4D1FDD00DD6AA6 /* ImageHelper.swift */,
			);
			path = Helpers;
			sourceTree = "<group>";
		};
		B6BD44CE2B45971F00DD6AA6 /* Base */ = {
			isa = PBXGroup;
			children = (
				B6BD44CF2B45972B00DD6AA6 /* Base.storyboard */,
			);
			path = Base;
			sourceTree = "<group>";
		};
		B6BD44D12B46D9B700DD6AA6 /* Base */ = {
			isa = PBXGroup;
			children = (
				B6BD44D22B46D9C100DD6AA6 /* BaseViewController.swift */,
			);
			path = Base;
			sourceTree = "<group>";
		};
		B6BD44D42B4BD17500DD6AA6 /* Transform */ = {
			isa = PBXGroup;
			children = (
				B61488902AB06C9500002289 /* Transform.storyboard */,
				B621F0252B69085900095019 /* SmartCropping.storyboard */,
				B621F0272B69198D00095019 /* RevealImage.storyboard */,
			);
			path = Transform;
			sourceTree = "<group>";
		};
		B6BD44D52B4BD19100DD6AA6 /* Transform */ = {
			isa = PBXGroup;
			children = (
				B62824FF2B8618DD006BA8AF /* Optimization */,
				B621F01D2B69016200095019 /* Use Cases */,
				B621F01A2B69001E00095019 /* Transformation */,
				B665FECA2B3D567300452FC6 /* DeliveryViewController.swift */,
			);
			path = Transform;
			sourceTree = "<group>";
		};
		B6EEAD922B6A7F50000A745E /* Video */ = {
			isa = PBXGroup;
			children = (
				B6EEAD932B6A7F56000A745E /* Video Feed */,
				B6EEAD942B6A7F63000A745E /* VideoFeedCollectionController.swift */,
			);
			path = Video;
			sourceTree = "<group>";
		};
		B6EEAD932B6A7F56000A745E /* Video Feed */ = {
			isa = PBXGroup;
			children = (
				B6EEAD962B6A7F81000A745E /* VideoFeedCell.swift */,
			);
			path = "Video Feed";
			sourceTree = "<group>";
		};
		B6EEAD9A2B6BB312000A745E /* Widgets */ = {
			isa = PBXGroup;
			children = (
				B6BAAA312AB972EF0012D8A8 /* UploadWidget.storyboard */,
				B6BAAA352AB9772D0012D8A8 /* ImageWidget.storyboard */,
				B665FED42B3D776300452FC6 /* Widgets.storyboard */,
			);
			path = Widgets;
			sourceTree = "<group>";
		};
		B6EEAD9B2B6BB340000A745E /* Transform */ = {
			isa = PBXGroup;
			children = (
				B62825022B862D41006BA8AF /* Use Cases */,
				B665FEC72B3D508B00452FC6 /* Delivery.storyboard */,
				B69FA1D82AB86307001D361F /* Optimization.storyboard */,
				B62824F92B85EBF1006BA8AF /* UseCases.storyboard */,
			);
			path = Transform;
			sourceTree = "<group>";
		};
		B6EEAD9C2B6BB351000A745E /* Video */ = {
			isa = PBXGroup;
			children = (
				B63AA9062B6F8FF7008B4FA8 /* Social */,
				B6BD44C92B453B8400DD6AA6 /* Video.storyboard */,
				B697FB072B0F665A00E3C432 /* VideoFeed.storyboard */,
			);
			path = Video;
			sourceTree = "<group>";
		};
/* End PBXGroup section */

/* Begin PBXNativeTarget section */
		B61488582AAF3AE000002289 /* Cloudinary_Academy_App */ = {
			isa = PBXNativeTarget;
			buildConfigurationList = B614886D2AAF3AE100002289 /* Build configuration list for PBXNativeTarget "Cloudinary_Academy_App" */;
			buildPhases = (
				B61488552AAF3AE000002289 /* Sources */,
				B61488562AAF3AE000002289 /* Frameworks */,
				B61488572AAF3AE000002289 /* Resources */,
			);
			buildRules = (
			);
			dependencies = (
			);
			name = Cloudinary_Academy_App;
			packageProductDependencies = (
				B672A83B2B9059750039F5CF /* Cloudinary */,
			);
			productName = iOS_Geekle_Conference;
			productReference = B61488592AAF3AE000002289 /* Cloudinary_Academy_App.app */;
			productType = "com.apple.product-type.application";
		};
/* End PBXNativeTarget section */

/* Begin PBXProject section */
		B61488512AAF3AE000002289 /* Project object */ = {
			isa = PBXProject;
			attributes = {
				BuildIndependentTargetsInParallel = 1;
				LastSwiftUpdateCheck = 1430;
				LastUpgradeCheck = 1510;
				TargetAttributes = {
					B61488582AAF3AE000002289 = {
						CreatedOnToolsVersion = 14.3.1;
					};
				};
			};
			buildConfigurationList = B61488542AAF3AE000002289 /* Build configuration list for PBXProject "Cloudinary_Academy_App" */;
			compatibilityVersion = "Xcode 14.0";
			developmentRegion = en;
			hasScannedForEncodings = 0;
			knownRegions = (
				en,
				Base,
			);
			mainGroup = B61488502AAF3AE000002289;
			packageReferences = (
				B672A83A2B9059750039F5CF /* XCRemoteSwiftPackageReference "cloudinary_ios" */,
			);
			productRefGroup = B614885A2AAF3AE000002289 /* Products */;
			projectDirPath = "";
			projectRoot = "";
			targets = (
				B61488582AAF3AE000002289 /* Cloudinary_Academy_App */,
			);
		};
/* End PBXProject section */

/* Begin PBXResourcesBuildPhase section */
		B61488572AAF3AE000002289 /* Resources */ = {
			isa = PBXResourcesBuildPhase;
			buildActionMask = 2147483647;
			files = (
				B61488912AB06C9500002289 /* Transform.storyboard in Resources */,
				B61EFF732B8F6751006F267C /* IntegrateAI.storyboard in Resources */,
				B61488692AAF3AE100002289 /* LaunchScreen.storyboard in Resources */,
				B665FED52B3D776300452FC6 /* Widgets.storyboard in Resources */,
				B697FB052B0F663D00E3C432 /* video_links.plist in Resources */,
				B63AA9142B70D02C008B4FA8 /* GoogleService-Info.plist in Resources */,
				B621F0262B69085900095019 /* SmartCropping.storyboard in Resources */,
				B61488732AAF3B2200002289 /* Colors.xcassets in Resources */,
				B63F36A12B3C000A00A82C49 /* Splash.storyboard in Resources */,
				B64036F22B4FF7130018A023 /* SingleUpload.storyboard in Resources */,
				B62825092B863563006BA8AF /* ConditionalProduct.storyboard in Resources */,
				B6BD44D02B45972B00DD6AA6 /* Base.storyboard in Resources */,
				B6BAAA362AB9772D0012D8A8 /* ImageWidget.storyboard in Resources */,
				B621F02E2B691E6000095019 /* UploadDoesNotExist.storyboard in Resources */,
				B64036F52B5011C30018A023 /* UploadLoadingView.xib in Resources */,
				B63AA90A2B6F900F008B4FA8 /* VideoSocialOverlays.storyboard in Resources */,
				B6EEAD6A2B692F9A000A745E /* UploadChoice.storyboard in Resources */,
				B61488662AAF3AE100002289 /* Assets.xcassets in Resources */,
				B6838E4E2AB961BD00B972D7 /* car-film.mp4 in Resources */,
				B6BAAA322AB972EF0012D8A8 /* UploadWidget.storyboard in Resources */,
				B62824FA2B85EBF1006BA8AF /* UseCases.storyboard in Resources */,
				B62825042B862D5F006BA8AF /* NormalizingProductAssets.storyboard in Resources */,
				B621F0282B69198D00095019 /* RevealImage.storyboard in Resources */,
				B6BD44CA2B453B8400DD6AA6 /* Video.storyboard in Resources */,
				B665FECF2B3D73B000452FC6 /* InnerUploadFrame.xib in Resources */,
				B697FB082B0F665A00E3C432 /* VideoFeed.storyboard in Resources */,
				B61488642AAF3AE000002289 /* Main.storyboard in Resources */,
				B63F36A62B3C16BD00A82C49 /* Toolbar.xib in Resources */,
				B63F36AA2B3C2BB400A82C49 /* ToolbarItem.xib in Resources */,
				B63AA9102B6FA2D0008B4FA8 /* UploadNoCloud.storyboard in Resources */,
				B665FEC82B3D508B00452FC6 /* Delivery.storyboard in Resources */,
				B69FA1D92AB86307001D361F /* Optimization.storyboard in Resources */,
				B665FECD2B3D6E2400452FC6 /* Upload.storyboard in Resources */,
			);
			runOnlyForDeploymentPostprocessing = 0;
		};
/* End PBXResourcesBuildPhase section */

/* Begin PBXSourcesBuildPhase section */
		B61488552AAF3AE000002289 /* Sources */ = {
			isa = PBXSourcesBuildPhase;
			buildActionMask = 2147483647;
			files = (
				B64036F72B50138C0018A023 /* UploadLoadingView.swift in Sources */,
				B63F36A82B3C1A5A00A82C49 /* Toolbar.swift in Sources */,
				B621F01C2B69002A00095019 /* DeliveryTransformCollectionController.swift in Sources */,
				B6BD44CD2B458A1900DD6AA6 /* AnimationHelper.swift in Sources */,
				B62825072B863342006BA8AF /* NormalizingProductAssetsViewController.swift in Sources */,
				B621F0242B69080100095019 /* SmartCroppingController.swift in Sources */,
				B62825012B8618FD006BA8AF /* UseCaseCollectionCell.swift in Sources */,
				B69FA1E62AB87016001D361F /* UploadViewController.swift in Sources */,
				B6BD44D32B46D9C100DD6AA6 /* BaseViewController.swift in Sources */,
				B61488932AB06CA800002289 /* TransformViewController.swift in Sources */,
				B63F36AD2B3C2C0500A82C49 /* ToolbarItem.swift in Sources */,
				B63AA9122B6FB664008B4FA8 /* UploadNoCloudController.swift in Sources */,
				B6BD44DB2B4BF6AE00DD6AA6 /* RevealImageView.swift in Sources */,
				B63AA90E2B6F9E33008B4FA8 /* VideoFeedContainerController.swift in Sources */,
				B61488612AAF3AE000002289 /* MainViewController.swift in Sources */,
				B697FB032B0F663D00E3C432 /* MainPageController.swift in Sources */,
				B61AFA602B87204800991A57 /* ConditionalProductViewController.swift in Sources */,
				B69FA1E02AB866A0001D361F /* FileUtils.swift in Sources */,
				B63AA90C2B6F98B0008B4FA8 /* VideoSocialOverlaysController.swift in Sources */,
				B665FECB2B3D567300452FC6 /* DeliveryViewController.swift in Sources */,
				B697FB062B0F663D00E3C432 /* VideoHelper.swift in Sources */,
				B6BD44DD2B4D1FDD00DD6AA6 /* ImageHelper.swift in Sources */,
				B614885D2AAF3AE000002289 /* AppDelegate.swift in Sources */,
				B64F9F572B68FE7200762F97 /* TransformationCell.swift in Sources */,
				B69D67182B6F82D400DA3C89 /* VideoFeedViewController.swift in Sources */,
				B697FB042B0F663D00E3C432 /* VideoViewController.swift in Sources */,
				B6BD44D92B4BD22E00DD6AA6 /* TransformCollectionController.swift in Sources */,
				B621F0212B6901A300095019 /* UseCaseCell.swift in Sources */,
				B6BD44D72B4BD1A100DD6AA6 /* TransformCollectionCell.swift in Sources */,
				B6BAAA342AB9730D0012D8A8 /* UploadWidgetViewController.swift in Sources */,
				B61EFF752B8F6784006F267C /* IntegrateAIViewController.swift in Sources */,
				B621F02B2B6919D600095019 /* RevealImageController.swift in Sources */,
				B640F8252B624E4800173CB9 /* WidgetsViewController.swift in Sources */,
				B61488992AB07B6500002289 /* CloudinaryHelper.swift in Sources */,
				B6EEAD6C2B692FB1000A745E /* UploadChoiceController.swift in Sources */,
				B63F369F2B3BFF0300A82C49 /* GradientView.swift in Sources */,
				B621F01F2B69016E00095019 /* DeliveryUseCasesCollectionController.swift in Sources */,
				B62824FC2B85EC11006BA8AF /* UseCasesViewController.swift in Sources */,
				B69D671A2B6F842C00DA3C89 /* VideoFeedController.swift in Sources */,
				B62824FE2B86175F006BA8AF /* UseCasesCollectionController.swift in Sources */,
				B6EEAD952B6A7F63000A745E /* VideoFeedCollectionController.swift in Sources */,
				B69FA1E22AB86F4D001D361F /* Double+Extension.swift in Sources */,
				B665FED22B3D746500452FC6 /* InnerUploadFrame.swift in Sources */,
				B621F0312B69204B00095019 /* UploadDoesNotExistController.swift in Sources */,
				B63F36A32B3C02C800A82C49 /* SplashViewController.swift in Sources */,
				B614885F2AAF3AE000002289 /* SceneDelegate.swift in Sources */,
				B6BAAA382AB977410012D8A8 /* ImageWidgetViewController.swift in Sources */,
				B69FA1DB2AB8631A001D361F /* OptimizationViewController.swift in Sources */,
				B6EEAD972B6A7F81000A745E /* VideoFeedCell.swift in Sources */,
				B64036F02B4FF1590018A023 /* SingleUploadViewController.swift in Sources */,
			);
			runOnlyForDeploymentPostprocessing = 0;
		};
/* End PBXSourcesBuildPhase section */

/* Begin PBXVariantGroup section */
		B61488622AAF3AE000002289 /* Main.storyboard */ = {
			isa = PBXVariantGroup;
			children = (
				B61488632AAF3AE000002289 /* Base */,
			);
			name = Main.storyboard;
			sourceTree = "<group>";
		};
		B61488672AAF3AE100002289 /* LaunchScreen.storyboard */ = {
			isa = PBXVariantGroup;
			children = (
				B61488682AAF3AE100002289 /* Base */,
			);
			name = LaunchScreen.storyboard;
			sourceTree = "<group>";
		};
/* End PBXVariantGroup section */

/* Begin XCBuildConfiguration section */
		B614886B2AAF3AE100002289 /* Debug */ = {
			isa = XCBuildConfiguration;
			buildSettings = {
				ALWAYS_SEARCH_USER_PATHS = NO;
				CLANG_ANALYZER_NONNULL = YES;
				CLANG_ANALYZER_NUMBER_OBJECT_CONVERSION = YES_AGGRESSIVE;
				CLANG_CXX_LANGUAGE_STANDARD = "gnu++20";
				CLANG_ENABLE_MODULES = YES;
				CLANG_ENABLE_OBJC_ARC = YES;
				CLANG_ENABLE_OBJC_WEAK = YES;
				CLANG_WARN_BLOCK_CAPTURE_AUTORELEASING = YES;
				CLANG_WARN_BOOL_CONVERSION = YES;
				CLANG_WARN_COMMA = YES;
				CLANG_WARN_CONSTANT_CONVERSION = YES;
				CLANG_WARN_DEPRECATED_OBJC_IMPLEMENTATIONS = YES;
				CLANG_WARN_DIRECT_OBJC_ISA_USAGE = YES_ERROR;
				CLANG_WARN_DOCUMENTATION_COMMENTS = YES;
				CLANG_WARN_EMPTY_BODY = YES;
				CLANG_WARN_ENUM_CONVERSION = YES;
				CLANG_WARN_INFINITE_RECURSION = YES;
				CLANG_WARN_INT_CONVERSION = YES;
				CLANG_WARN_NON_LITERAL_NULL_CONVERSION = YES;
				CLANG_WARN_OBJC_IMPLICIT_RETAIN_SELF = YES;
				CLANG_WARN_OBJC_LITERAL_CONVERSION = YES;
				CLANG_WARN_OBJC_ROOT_CLASS = YES_ERROR;
				CLANG_WARN_QUOTED_INCLUDE_IN_FRAMEWORK_HEADER = YES;
				CLANG_WARN_RANGE_LOOP_ANALYSIS = YES;
				CLANG_WARN_STRICT_PROTOTYPES = YES;
				CLANG_WARN_SUSPICIOUS_MOVE = YES;
				CLANG_WARN_UNGUARDED_AVAILABILITY = YES_AGGRESSIVE;
				CLANG_WARN_UNREACHABLE_CODE = YES;
				CLANG_WARN__DUPLICATE_METHOD_MATCH = YES;
				COPY_PHASE_STRIP = NO;
				DEBUG_INFORMATION_FORMAT = dwarf;
				ENABLE_STRICT_OBJC_MSGSEND = YES;
				ENABLE_TESTABILITY = YES;
				ENABLE_USER_SCRIPT_SANDBOXING = YES;
				GCC_C_LANGUAGE_STANDARD = gnu11;
				GCC_DYNAMIC_NO_PIC = NO;
				GCC_NO_COMMON_BLOCKS = YES;
				GCC_OPTIMIZATION_LEVEL = 0;
				GCC_PREPROCESSOR_DEFINITIONS = (
					"DEBUG=1",
					"$(inherited)",
				);
				GCC_WARN_64_TO_32_BIT_CONVERSION = YES;
				GCC_WARN_ABOUT_RETURN_TYPE = YES_ERROR;
				GCC_WARN_UNDECLARED_SELECTOR = YES;
				GCC_WARN_UNINITIALIZED_AUTOS = YES_AGGRESSIVE;
				GCC_WARN_UNUSED_FUNCTION = YES;
				GCC_WARN_UNUSED_VARIABLE = YES;
				IPHONEOS_DEPLOYMENT_TARGET = 16.4;
				MTL_ENABLE_DEBUG_INFO = INCLUDE_SOURCE;
				MTL_FAST_MATH = YES;
				ONLY_ACTIVE_ARCH = YES;
				SDKROOT = iphoneos;
				SWIFT_ACTIVE_COMPILATION_CONDITIONS = DEBUG;
				SWIFT_OPTIMIZATION_LEVEL = "-Onone";
			};
			name = Debug;
		};
		B614886C2AAF3AE100002289 /* Release */ = {
			isa = XCBuildConfiguration;
			buildSettings = {
				ALWAYS_SEARCH_USER_PATHS = NO;
				CLANG_ANALYZER_NONNULL = YES;
				CLANG_ANALYZER_NUMBER_OBJECT_CONVERSION = YES_AGGRESSIVE;
				CLANG_CXX_LANGUAGE_STANDARD = "gnu++20";
				CLANG_ENABLE_MODULES = YES;
				CLANG_ENABLE_OBJC_ARC = YES;
				CLANG_ENABLE_OBJC_WEAK = YES;
				CLANG_WARN_BLOCK_CAPTURE_AUTORELEASING = YES;
				CLANG_WARN_BOOL_CONVERSION = YES;
				CLANG_WARN_COMMA = YES;
				CLANG_WARN_CONSTANT_CONVERSION = YES;
				CLANG_WARN_DEPRECATED_OBJC_IMPLEMENTATIONS = YES;
				CLANG_WARN_DIRECT_OBJC_ISA_USAGE = YES_ERROR;
				CLANG_WARN_DOCUMENTATION_COMMENTS = YES;
				CLANG_WARN_EMPTY_BODY = YES;
				CLANG_WARN_ENUM_CONVERSION = YES;
				CLANG_WARN_INFINITE_RECURSION = YES;
				CLANG_WARN_INT_CONVERSION = YES;
				CLANG_WARN_NON_LITERAL_NULL_CONVERSION = YES;
				CLANG_WARN_OBJC_IMPLICIT_RETAIN_SELF = YES;
				CLANG_WARN_OBJC_LITERAL_CONVERSION = YES;
				CLANG_WARN_OBJC_ROOT_CLASS = YES_ERROR;
				CLANG_WARN_QUOTED_INCLUDE_IN_FRAMEWORK_HEADER = YES;
				CLANG_WARN_RANGE_LOOP_ANALYSIS = YES;
				CLANG_WARN_STRICT_PROTOTYPES = YES;
				CLANG_WARN_SUSPICIOUS_MOVE = YES;
				CLANG_WARN_UNGUARDED_AVAILABILITY = YES_AGGRESSIVE;
				CLANG_WARN_UNREACHABLE_CODE = YES;
				CLANG_WARN__DUPLICATE_METHOD_MATCH = YES;
				COPY_PHASE_STRIP = NO;
				DEBUG_INFORMATION_FORMAT = "dwarf-with-dsym";
				ENABLE_NS_ASSERTIONS = NO;
				ENABLE_STRICT_OBJC_MSGSEND = YES;
				ENABLE_USER_SCRIPT_SANDBOXING = YES;
				GCC_C_LANGUAGE_STANDARD = gnu11;
				GCC_NO_COMMON_BLOCKS = YES;
				GCC_WARN_64_TO_32_BIT_CONVERSION = YES;
				GCC_WARN_ABOUT_RETURN_TYPE = YES_ERROR;
				GCC_WARN_UNDECLARED_SELECTOR = YES;
				GCC_WARN_UNINITIALIZED_AUTOS = YES_AGGRESSIVE;
				GCC_WARN_UNUSED_FUNCTION = YES;
				GCC_WARN_UNUSED_VARIABLE = YES;
				IPHONEOS_DEPLOYMENT_TARGET = 16.4;
				MTL_ENABLE_DEBUG_INFO = NO;
				MTL_FAST_MATH = YES;
				SDKROOT = iphoneos;
				SWIFT_COMPILATION_MODE = wholemodule;
				SWIFT_OPTIMIZATION_LEVEL = "-O";
				VALIDATE_PRODUCT = YES;
			};
			name = Release;
		};
		B614886E2AAF3AE100002289 /* Debug */ = {
			isa = XCBuildConfiguration;
			buildSettings = {
				ASSETCATALOG_COMPILER_APPICON_NAME = AppIcon;
				ASSETCATALOG_COMPILER_GLOBAL_ACCENT_COLOR_NAME = AccentColor;
				CODE_SIGN_STYLE = Automatic;
				CURRENT_PROJECT_VERSION = 1;
				DEBUG_INFORMATION_FORMAT = "dwarf-with-dsym";
				DEVELOPMENT_TEAM = 3TR999VVAS;
				GENERATE_INFOPLIST_FILE = YES;
				INFOPLIST_FILE = Cloudinary_Academy_App/Info.plist;
				INFOPLIST_KEY_UIApplicationSupportsIndirectInputEvents = YES;
				INFOPLIST_KEY_UILaunchStoryboardName = LaunchScreen;
				INFOPLIST_KEY_UIMainStoryboardFile = Main;
				INFOPLIST_KEY_UISupportedInterfaceOrientations = UIInterfaceOrientationPortrait;
				INFOPLIST_KEY_UISupportedInterfaceOrientations_iPad = "UIInterfaceOrientationLandscapeLeft UIInterfaceOrientationLandscapeRight UIInterfaceOrientationPortrait UIInterfaceOrientationPortraitUpsideDown";
				LD_RUNPATH_SEARCH_PATHS = (
					"$(inherited)",
					"@executable_path/Frameworks",
				);
				MARKETING_VERSION = 1.0;
				PRODUCT_BUNDLE_IDENTIFIER = "com.cloudinary.Cloudinary-Sample-App";
				PRODUCT_NAME = "$(TARGET_NAME)";
				SWIFT_EMIT_LOC_STRINGS = YES;
				SWIFT_VERSION = 5.0;
				TARGETED_DEVICE_FAMILY = "1,2";
			};
			name = Debug;
		};
		B614886F2AAF3AE100002289 /* Release */ = {
			isa = XCBuildConfiguration;
			buildSettings = {
				ASSETCATALOG_COMPILER_APPICON_NAME = AppIcon;
				ASSETCATALOG_COMPILER_GLOBAL_ACCENT_COLOR_NAME = AccentColor;
				CODE_SIGN_STYLE = Automatic;
				CURRENT_PROJECT_VERSION = 1;
				DEVELOPMENT_TEAM = 3TR999VVAS;
				GENERATE_INFOPLIST_FILE = YES;
				INFOPLIST_FILE = Cloudinary_Academy_App/Info.plist;
				INFOPLIST_KEY_UIApplicationSupportsIndirectInputEvents = YES;
				INFOPLIST_KEY_UILaunchStoryboardName = LaunchScreen;
				INFOPLIST_KEY_UIMainStoryboardFile = Main;
				INFOPLIST_KEY_UISupportedInterfaceOrientations = UIInterfaceOrientationPortrait;
				INFOPLIST_KEY_UISupportedInterfaceOrientations_iPad = "UIInterfaceOrientationLandscapeLeft UIInterfaceOrientationLandscapeRight UIInterfaceOrientationPortrait UIInterfaceOrientationPortraitUpsideDown";
				LD_RUNPATH_SEARCH_PATHS = (
					"$(inherited)",
					"@executable_path/Frameworks",
				);
				MARKETING_VERSION = 1.0;
				PRODUCT_BUNDLE_IDENTIFIER = "com.cloudinary.Cloudinary-Sample-App";
				PRODUCT_NAME = "$(TARGET_NAME)";
				SWIFT_EMIT_LOC_STRINGS = YES;
				SWIFT_VERSION = 5.0;
				TARGETED_DEVICE_FAMILY = "1,2";
			};
			name = Release;
		};
/* End XCBuildConfiguration section */

/* Begin XCConfigurationList section */
		B61488542AAF3AE000002289 /* Build configuration list for PBXProject "Cloudinary_Academy_App" */ = {
			isa = XCConfigurationList;
			buildConfigurations = (
				B614886B2AAF3AE100002289 /* Debug */,
				B614886C2AAF3AE100002289 /* Release */,
			);
			defaultConfigurationIsVisible = 0;
			defaultConfigurationName = Release;
		};
		B614886D2AAF3AE100002289 /* Build configuration list for PBXNativeTarget "Cloudinary_Academy_App" */ = {
			isa = XCConfigurationList;
			buildConfigurations = (
				B614886E2AAF3AE100002289 /* Debug */,
				B614886F2AAF3AE100002289 /* Release */,
			);
			defaultConfigurationIsVisible = 0;
			defaultConfigurationName = Release;
		};
/* End XCConfigurationList section */

/* Begin XCRemoteSwiftPackageReference section */
		B672A83A2B9059750039F5CF /* XCRemoteSwiftPackageReference "cloudinary_ios" */ = {
			isa = XCRemoteSwiftPackageReference;
			repositoryURL = "https://github.com/cloudinary/cloudinary_ios";
			requirement = {
				kind = upToNextMajorVersion;
				minimumVersion = 4.5.0;
			};
		};
/* End XCRemoteSwiftPackageReference section */

/* Begin XCSwiftPackageProductDependency section */
		B672A83B2B9059750039F5CF /* Cloudinary */ = {
			isa = XCSwiftPackageProductDependency;
			package = B672A83A2B9059750039F5CF /* XCRemoteSwiftPackageReference "cloudinary_ios" */;
			productName = Cloudinary;
		};
/* End XCSwiftPackageProductDependency section */
	};
	rootObject = B61488512AAF3AE000002289 /* Project object */;
}
